
Microsoft Visual Studio Solution File, Format Version 12.00
# Visual Studio Version 17
VisualStudioVersion = 17.0.31903.59
MinimumVisualStudioVersion = 10.0.40219.1
Project("{FAE04EC0-301F-11D3-BF4B-00C04F79EFBC}") = "EtfTracker", "EtfTracker\EtfTracker.csproj", "{925ADFCA-11B9-4B79-BBC2-0A77B7219EA3}"
EndProject
Global
	GlobalSection(SolutionConfigurationPlatforms) = preSolution
		Debug|Any CPU = Debug|Any CPU
		Release|Any CPU = Release|Any CPU
	EndGlobalSection
	GlobalSection(ProjectConfigurationPlatforms) = postSolution
		{925ADFCA-11B9-4B79-BBC2-0A77B7219EA3}.Debug|Any CPU.ActiveCfg = Debug|Any CPU
		{925ADFCA-11B9-4B79-BBC2-0A77B7219EA3}.Debug|Any CPU.Build.0 = Debug|Any CPU
		{925ADFCA-11B9-4B79-BBC2-0A77B7219EA3}.Release|Any CPU.ActiveCfg = Release|Any CPU
		{925ADFCA-11B9-4B79-BBC2-0A77B7219EA3}.Release|Any CPU.Build.0 = Release|Any CPU
	EndGlobalSection
	GlobalSection(SolutionProperties) = preSolution
		HideSolutionNode = FALSE
	EndGlobalSection
	GlobalSection(ExtensibilityGlobals) = postSolution
		SolutionGuid = {D64EC41F-EED5-4017-BD06-3347830CCFEC}
	EndGlobalSection
EndGlobal
